// !$*UTF8*$!
{
	archiveVersion = 1;
	classes = {
	};
	objectVersion = 46;
	objects = {

/* Begin PBXBuildFile section */
		8C412DB41A23C8E600C4283B /* main.cpp in Sources */ = {isa = PBXBuildFile; fileRef = 8C412DB31A23C8E600C4283B /* main.cpp */; };
		8C412DBB1A23C92400C4283B /* OpenGL.framework in Frameworks */ = {isa = PBXBuildFile; fileRef = 8C412DBA1A23C92400C4283B /* OpenGL.framework */; };
		8C412DBD1A23CCD600C4283B /* GLUT.framework in Frameworks */ = {isa = PBXBuildFile; fileRef = 8C412DBC1A23CCD600C4283B /* GLUT.framework */; };
/* End PBXBuildFile section */

/* Begin PBXCopyFilesBuildPhase section */
		8C412DAE1A23C8E600C4283B /* CopyFiles */ = {
			isa = PBXCopyFilesBuildPhase;
			buildActionMask = 2147483647;
			dstPath = /usr/share/man/man1/;
			dstSubfolderSpec = 0;
			files = (
			);
			runOnlyForDeploymentPostprocessing = 1;
		};
/* End PBXCopyFilesBuildPhase section */

/* Begin PBXFileReference section */
		8C412DB01A23C8E600C4283B /* OpenGL */ = {isa = PBXFileReference; explicitFileType = "compiled.mach-o.executable"; includeInIndex = 0; path = OpenGL; sourceTree = BUILT_PRODUCTS_DIR; };
		8C412DB31A23C8E600C4283B /* main.cpp */ = {isa = PBXFileReference; lastKnownFileType = sourcecode.cpp.cpp; path = main.cpp; sourceTree = "<group>"; };
		8C412DBA1A23C92400C4283B /* OpenGL.framework */ = {isa = PBXFileReference; lastKnownFileType = wrapper.framework; name = OpenGL.framework; path = System/Library/Frameworks/OpenGL.framework; sourceTree = SDKROOT; };
		8C412DBC1A23CCD600C4283B /* GLUT.framework */ = {isa = PBXFileReference; lastKnownFileType = wrapper.framework; name = GLUT.framework; path = System/Library/Frameworks/GLUT.framework; sourceTree = SDKROOT; };
		8C6852361A2899E4007A11D8 /* map.vmmomap */ = {isa = PBXFileReference; fileEncoding = 4; lastKnownFileType = text; name = map.vmmomap; path = ../map.vmmomap; sourceTree = "<group>"; };
		8C698D351A71563F009FAD5D /* client_connect.h */ = {isa = PBXFileReference; lastKnownFileType = sourcecode.c.h; path = client_connect.h; sourceTree = "<group>"; };
		8C8F49B21A29BB1400FA6794 /* free_camera.h */ = {isa = PBXFileReference; lastKnownFileType = sourcecode.c.h; path = free_camera.h; sourceTree = "<group>"; };
		8C8F49B31A29BBBF00FA6794 /* models.h */ = {isa = PBXFileReference; lastKnownFileType = sourcecode.c.h; path = models.h; sourceTree = "<group>"; };
/* End PBXFileReference section */

/* Begin PBXFrameworksBuildPhase section */
		8C412DAD1A23C8E600C4283B /* Frameworks */ = {
			isa = PBXFrameworksBuildPhase;
			buildActionMask = 2147483647;
			files = (
				8C412DBD1A23CCD600C4283B /* GLUT.framework in Frameworks */,
				8C412DBB1A23C92400C4283B /* OpenGL.framework in Frameworks */,
			);
			runOnlyForDeploymentPostprocessing = 0;
		};
/* End PBXFrameworksBuildPhase section */

/* Begin PBXGroup section */
		8C412DA71A23C8E600C4283B = {
			isa = PBXGroup;
			children = (
				8C6852361A2899E4007A11D8 /* map.vmmomap */,
				8C412DBC1A23CCD600C4283B /* GLUT.framework */,
				8C412DBA1A23C92400C4283B /* OpenGL.framework */,
				8C412DB21A23C8E600C4283B /* OpenGL */,
				8C412DB11A23C8E600C4283B /* Products */,
			);
			sourceTree = "<group>";
		};
		8C412DB11A23C8E600C4283B /* Products */ = {
			isa = PBXGroup;
			children = (
				8C412DB01A23C8E600C4283B /* OpenGL */,
			);
			name = Products;
			sourceTree = "<group>";
		};
		8C412DB21A23C8E600C4283B /* OpenGL */ = {
			isa = PBXGroup;
			children = (
				8C412DB31A23C8E600C4283B /* main.cpp */,
				8C8F49B21A29BB1400FA6794 /* free_camera.h */,
				8C8F49B31A29BBBF00FA6794 /* models.h */,
				8C698D351A71563F009FAD5D /* client_connect.h */,
			);
			path = OpenGL;
			sourceTree = "<group>";
		};
/* End PBXGroup section */

/* Begin PBXNativeTarget section */
		8C412DAF1A23C8E600C4283B /* OpenGL */ = {
			isa = PBXNativeTarget;
			buildConfigurationList = 8C412DB71A23C8E600C4283B /* Build configuration list for PBXNativeTarget "OpenGL" */;
			buildPhases = (
				8C412DAC1A23C8E600C4283B /* Sources */,
				8C412DAD1A23C8E600C4283B /* Frameworks */,
				8C412DAE1A23C8E600C4283B /* CopyFiles */,
			);
			buildRules = (
			);
			dependencies = (
			);
			name = OpenGL;
			productName = OpenGL;
			productReference = 8C412DB01A23C8E600C4283B /* OpenGL */;
			productType = "com.apple.product-type.tool";
		};
/* End PBXNativeTarget section */

/* Begin PBXProject section */
		8C412DA81A23C8E600C4283B /* Project object */ = {
			isa = PBXProject;
			attributes = {
				LastUpgradeCheck = 0610;
				ORGANIZATIONNAME = "Argon Team";
				TargetAttributes = {
					8C412DAF1A23C8E600C4283B = {
						CreatedOnToolsVersion = 6.1;
					};
				};
			};
			buildConfigurationList = 8C412DAB1A23C8E600C4283B /* Build configuration list for PBXProject "OpenGL" */;
			compatibilityVersion = "Xcode 3.2";
			developmentRegion = English;
			hasScannedForEncodings = 0;
			knownRegions = (
				en,
			);
			mainGroup = 8C412DA71A23C8E600C4283B;
			productRefGroup = 8C412DB11A23C8E600C4283B /* Products */;
			projectDirPath = "";
			projectRoot = "";
			targets = (
				8C412DAF1A23C8E600C4283B /* OpenGL */,
			);
		};
/* End PBXProject section */

/* Begin PBXSourcesBuildPhase section */
		8C412DAC1A23C8E600C4283B /* Sources */ = {
			isa = PBXSourcesBuildPhase;
			buildActionMask = 2147483647;
			files = (
				8C412DB41A23C8E600C4283B /* main.cpp in Sources */,
			);
			runOnlyForDeploymentPostprocessing = 0;
		};
/* End PBXSourcesBuildPhase section */

/* Begin XCBuildConfiguration section */
		8C412DB51A23C8E600C4283B /* Debug */ = {
			isa = XCBuildConfiguration;
			buildSettings = {
				ALWAYS_SEARCH_USER_PATHS = NO;
				CLANG_CXX_LANGUAGE_STANDARD = "gnu++0x";
				CLANG_CXX_LIBRARY = "libc++";
				CLANG_ENABLE_MODULES = YES;
				CLANG_ENABLE_OBJC_ARC = YES;
				CLANG_WARN_BOOL_CONVERSION = YES;
				CLANG_WARN_CONSTANT_CONVERSION = YES;
				CLANG_WARN_DIRECT_OBJC_ISA_USAGE = YES_ERROR;
				CLANG_WARN_EMPTY_BODY = YES;
				CLANG_WARN_ENUM_CONVERSION = YES;
				CLANG_WARN_INT_CONVERSION = YES;
				CLANG_WARN_OBJC_ROOT_CLASS = YES_ERROR;
				CLANG_WARN_UNREACHABLE_CODE = YES;
				CLANG_WARN__DUPLICATE_METHOD_MATCH = YES;
				COPY_PHASE_STRIP = NO;
				ENABLE_STRICT_OBJC_MSGSEND = YES;
				GCC_C_LANGUAGE_STANDARD = gnu99;
				GCC_DYNAMIC_NO_PIC = NO;
				GCC_OPTIMIZATION_LEVEL = 0;
				GCC_PREPROCESSOR_DEFINITIONS = (
					"DEBUG=1",
					"$(inherited)",
				);
				GCC_SYMBOLS_PRIVATE_EXTERN = NO;
				GCC_WARN_64_TO_32_BIT_CONVERSION = YES;
				GCC_WARN_ABOUT_RETURN_TYPE = YES_ERROR;
				GCC_WARN_UNDECLARED_SELECTOR = YES;
				GCC_WARN_UNINITIALIZED_AUTOS = YES_AGGRESSIVE;
				GCC_WARN_UNUSED_FUNCTION = YES;
				GCC_WARN_UNUSED_VARIABLE = YES;
				MACOSX_DEPLOYMENT_TARGET = 10.10;
				MTL_ENABLE_DEBUG_INFO = YES;
				ONLY_ACTIVE_ARCH = YES;
				SDKROOT = macosx;
			};
			name = Debug;
		};
		8C412DB61A23C8E600C4283B /* Release */ = {
			isa = XCBuildConfiguration;
			buildSettings = {
				ALWAYS_SEARCH_USER_PATHS = NO;
				CLANG_CXX_LANGUAGE_STANDARD = "gnu++0x";
				CLANG_CXX_LIBRARY = "libc++";
				CLANG_ENABLE_MODULES = YES;
				CLANG_ENABLE_OBJC_ARC = YES;
				CLANG_WARN_BOOL_CONVERSION = YES;
				CLANG_WARN_CONSTANT_CONVERSION = YES;
				CLANG_WARN_DIRECT_OBJC_ISA_USAGE = YES_ERROR;
				CLANG_WARN_EMPTY_BODY = YES;
				CLANG_WARN_ENUM_CONVERSION = YES;
				CLANG_WARN_INT_CONVERSION = YES;
				CLANG_WARN_OBJC_ROOT_CLASS = YES_ERROR;
				CLANG_WARN_UNREACHABLE_CODE = YES;
				CLANG_WARN__DUPLICATE_METHOD_MATCH = YES;
				COPY_PHASE_STRIP = YES;
				DEBUG_INFORMATION_FORMAT = "dwarf-with-dsym";
				ENABLE_NS_ASSERTIONS = NO;
				ENABLE_STRICT_OBJC_MSGSEND = YES;
				GCC_C_LANGUAGE_STANDARD = gnu99;
				GCC_WARN_64_TO_32_BIT_CONVERSION = YES;
				GCC_WARN_ABOUT_RETURN_TYPE = YES_ERROR;
				GCC_WARN_UNDECLARED_SELECTOR = YES;
				GCC_WARN_UNINITIALIZED_AUTOS = YES_AGGRESSIVE;
				GCC_WARN_UNUSED_FUNCTION = YES;
				GCC_WARN_UNUSED_VARIABLE = YES;
				MACOSX_DEPLOYMENT_TARGET = 10.10;
				MTL_ENABLE_DEBUG_INFO = NO;
				SDKROOT = macosx;
			};
			name = Release;
		};
		8C412DB81A23C8E600C4283B /* Debug */ = {
			isa = XCBuildConfiguration;
			buildSettings = {
				"OTHER_CPLUSPLUSFLAGS[arch=*]" = "-Wno-deprecated-declarations";
				PRODUCT_NAME = "$(TARGET_NAME)";
			};
			name = Debug;
		};
		8C412DB91A23C8E600C4283B /* Release */ = {
			isa = XCBuildConfiguration;
			buildSettings = {
				PRODUCT_NAME = "$(TARGET_NAME)";
			};
			name = Release;
		};
/* End XCBuildConfiguration section */

/* Begin XCConfigurationList section */
		8C412DAB1A23C8E600C4283B /* Build configuration list for PBXProject "OpenGL" */ = {
			isa = XCConfigurationList;
			buildConfigurations = (
				8C412DB51A23C8E600C4283B /* Debug */,
				8C412DB61A23C8E600C4283B /* Release */,
			);
			defaultConfigurationIsVisible = 0;
			defaultConfigurationName = Release;
		};
		8C412DB71A23C8E600C4283B /* Build configuration list for PBXNativeTarget "OpenGL" */ = {
			isa = XCConfigurationList;
			buildConfigurations = (
				8C412DB81A23C8E600C4283B /* Debug */,
				8C412DB91A23C8E600C4283B /* Release */,
			);
			defaultConfigurationIsVisible = 0;
			defaultConfigurationName = Release;
		};
/* End XCConfigurationList section */
	};
	rootObject = 8C412DA81A23C8E600C4283B /* Project object */;
}
